
Microsoft Visual Studio Solution File, Format Version 12.00
# Visual Studio Version 17
VisualStudioVersion = 17.0.31903.59
MinimumVisualStudioVersion = 10.0.40219.1
Project("{2150E333-8FDC-42A3-9474-1A3956D46DE8}") = "src", "src", "{827E0CD3-B72D-47B6-A68D-7590B98EB39B}"
EndProject
Project("{FAE04EC0-301F-11D3-BF4B-00C04F79EFBC}") = "ResoniteIO", "src\ResoniteIO\ResoniteIO.csproj", "{5C33EE06-6017-47FB-9E60-7AF8D43A10CB}"
EndProject
Project("{2150E333-8FDC-42A3-9474-1A3956D46DE8}") = "tests", "tests", "{0AB3BF05-4346-4AA6-1389-037BE0695223}"
EndProject
Project("{FAE04EC0-301F-11D3-BF4B-00C04F79EFBC}") = "ResoniteIO.Tests", "tests\ResoniteIO.Tests\ResoniteIO.Tests.csproj", "{CF2663AC-AD6A-4151-95CB-FDE405B24941}"
EndProject
Project("{FAE04EC0-301F-11D3-BF4B-00C04F79EFBC}") = "ResoniteIO.Core", "src\ResoniteIO.Core\ResoniteIO.Core.csproj", "{841B3F8C-3936-40CA-8EFF-205F00A24D18}"
EndProject
Project("{FAE04EC0-301F-11D3-BF4B-00C04F79EFBC}") = "ResoniteIO.Core.Tests", "tests\ResoniteIO.Core.Tests\ResoniteIO.Core.Tests.csproj", "{0CD1DA1A-EAFB-484D-B430-B5D07B54FB19}"
EndProject
Project("{FAE04EC0-301F-11D3-BF4B-00C04F79EFBC}") = "ResoniteIO.RendererShared", "src\ResoniteIO.RendererShared\ResoniteIO.RendererShared.csproj", "{F61D4CB2-F4D5-4AC4-A69A-57B1F163B28C}"
EndProject
Project("{FAE04EC0-301F-11D3-BF4B-00C04F79EFBC}") = "ResoniteIO.Renderer", "src\ResoniteIO.Renderer\ResoniteIO.Renderer.csproj", "{ED732D8D-FB2A-4FDA-8BDC-70651C7F0AC4}"
EndProject
Global
	GlobalSection(SolutionConfigurationPlatforms) = preSolution
		Debug|Any CPU = Debug|Any CPU
		Debug|x64 = Debug|x64
		Debug|x86 = Debug|x86
		Release|Any CPU = Release|Any CPU
		Release|x64 = Release|x64
		Release|x86 = Release|x86
	EndGlobalSection
	GlobalSection(ProjectConfigurationPlatforms) = postSolution
		{5C33EE06-6017-47FB-9E60-7AF8D43A10CB}.Debug|Any CPU.ActiveCfg = Debug|Any CPU
		{5C33EE06-6017-47FB-9E60-7AF8D43A10CB}.Debug|Any CPU.Build.0 = Debug|Any CPU
		{5C33EE06-6017-47FB-9E60-7AF8D43A10CB}.Debug|x64.ActiveCfg = Debug|Any CPU
		{5C33EE06-6017-47FB-9E60-7AF8D43A10CB}.Debug|x64.Build.0 = Debug|Any CPU
		{5C33EE06-6017-47FB-9E60-7AF8D43A10CB}.Debug|x86.ActiveCfg = Debug|Any CPU
		{5C33EE06-6017-47FB-9E60-7AF8D43A10CB}.Debug|x86.Build.0 = Debug|Any CPU
		{5C33EE06-6017-47FB-9E60-7AF8D43A10CB}.Release|Any CPU.ActiveCfg = Release|Any CPU
		{5C33EE06-6017-47FB-9E60-7AF8D43A10CB}.Release|Any CPU.Build.0 = Release|Any CPU
		{5C33EE06-6017-47FB-9E60-7AF8D43A10CB}.Release|x64.ActiveCfg = Release|Any CPU
		{5C33EE06-6017-47FB-9E60-7AF8D43A10CB}.Release|x64.Build.0 = Release|Any CPU
		{5C33EE06-6017-47FB-9E60-7AF8D43A10CB}.Release|x86.ActiveCfg = Release|Any CPU
		{5C33EE06-6017-47FB-9E60-7AF8D43A10CB}.Release|x86.Build.0 = Release|Any CPU
		{CF2663AC-AD6A-4151-95CB-FDE405B24941}.Debug|Any CPU.ActiveCfg = Debug|Any CPU
		{CF2663AC-AD6A-4151-95CB-FDE405B24941}.Debug|Any CPU.Build.0 = Debug|Any CPU
		{CF2663AC-AD6A-4151-95CB-FDE405B24941}.Debug|x64.ActiveCfg = Debug|Any CPU
		{CF2663AC-AD6A-4151-95CB-FDE405B24941}.Debug|x64.Build.0 = Debug|Any CPU
		{CF2663AC-AD6A-4151-95CB-FDE405B24941}.Debug|x86.ActiveCfg = Debug|Any CPU
		{CF2663AC-AD6A-4151-95CB-FDE405B24941}.Debug|x86.Build.0 = Debug|Any CPU
		{CF2663AC-AD6A-4151-95CB-FDE405B24941}.Release|Any CPU.ActiveCfg = Release|Any CPU
		{CF2663AC-AD6A-4151-95CB-FDE405B24941}.Release|Any CPU.Build.0 = Release|Any CPU
		{CF2663AC-AD6A-4151-95CB-FDE405B24941}.Release|x64.ActiveCfg = Release|Any CPU
		{CF2663AC-AD6A-4151-95CB-FDE405B24941}.Release|x64.Build.0 = Release|Any CPU
		{CF2663AC-AD6A-4151-95CB-FDE405B24941}.Release|x86.ActiveCfg = Release|Any CPU
		{CF2663AC-AD6A-4151-95CB-FDE405B24941}.Release|x86.Build.0 = Release|Any CPU
		{841B3F8C-3936-40CA-8EFF-205F00A24D18}.Debug|Any CPU.ActiveCfg = Debug|Any CPU
		{841B3F8C-3936-40CA-8EFF-205F00A24D18}.Debug|Any CPU.Build.0 = Debug|Any CPU
		{841B3F8C-3936-40CA-8EFF-205F00A24D18}.Debug|x64.ActiveCfg = Debug|Any CPU
		{841B3F8C-3936-40CA-8EFF-205F00A24D18}.Debug|x64.Build.0 = Debug|Any CPU
		{841B3F8C-3936-40CA-8EFF-205F00A24D18}.Debug|x86.ActiveCfg = Debug|Any CPU
		{841B3F8C-3936-40CA-8EFF-205F00A24D18}.Debug|x86.Build.0 = Debug|Any CPU
		{841B3F8C-3936-40CA-8EFF-205F00A24D18}.Release|Any CPU.ActiveCfg = Release|Any CPU
		{841B3F8C-3936-40CA-8EFF-205F00A24D18}.Release|Any CPU.Build.0 = Release|Any CPU
		{841B3F8C-3936-40CA-8EFF-205F00A24D18}.Release|x64.ActiveCfg = Release|Any CPU
		{841B3F8C-3936-40CA-8EFF-205F00A24D18}.Release|x64.Build.0 = Release|Any CPU
		{841B3F8C-3936-40CA-8EFF-205F00A24D18}.Release|x86.ActiveCfg = Release|Any CPU
		{841B3F8C-3936-40CA-8EFF-205F00A24D18}.Release|x86.Build.0 = Release|Any CPU
		{0CD1DA1A-EAFB-484D-B430-B5D07B54FB19}.Debug|Any CPU.ActiveCfg = Debug|Any CPU
		{0CD1DA1A-EAFB-484D-B430-B5D07B54FB19}.Debug|Any CPU.Build.0 = Debug|Any CPU
		{0CD1DA1A-EAFB-484D-B430-B5D07B54FB19}.Debug|x64.ActiveCfg = Debug|Any CPU
		{0CD1DA1A-EAFB-484D-B430-B5D07B54FB19}.Debug|x64.Build.0 = Debug|Any CPU
		{0CD1DA1A-EAFB-484D-B430-B5D07B54FB19}.Debug|x86.ActiveCfg = Debug|Any CPU
		{0CD1DA1A-EAFB-484D-B430-B5D07B54FB19}.Debug|x86.Build.0 = Debug|Any CPU
		{0CD1DA1A-EAFB-484D-B430-B5D07B54FB19}.Release|Any CPU.ActiveCfg = Release|Any CPU
		{0CD1DA1A-EAFB-484D-B430-B5D07B54FB19}.Release|Any CPU.Build.0 = Release|Any CPU
		{0CD1DA1A-EAFB-484D-B430-B5D07B54FB19}.Release|x64.ActiveCfg = Release|Any CPU
		{0CD1DA1A-EAFB-484D-B430-B5D07B54FB19}.Release|x64.Build.0 = Release|Any CPU
		{0CD1DA1A-EAFB-484D-B430-B5D07B54FB19}.Release|x86.ActiveCfg = Release|Any CPU
		{0CD1DA1A-EAFB-484D-B430-B5D07B54FB19}.Release|x86.Build.0 = Release|Any CPU
		{F61D4CB2-F4D5-4AC4-A69A-57B1F163B28C}.Debug|Any CPU.ActiveCfg = Debug|Any CPU
		{F61D4CB2-F4D5-4AC4-A69A-57B1F163B28C}.Debug|Any CPU.Build.0 = Debug|Any CPU
		{F61D4CB2-F4D5-4AC4-A69A-57B1F163B28C}.Debug|x64.ActiveCfg = Debug|Any CPU
		{F61D4CB2-F4D5-4AC4-A69A-57B1F163B28C}.Debug|x64.Build.0 = Debug|Any CPU
		{F61D4CB2-F4D5-4AC4-A69A-57B1F163B28C}.Debug|x86.ActiveCfg = Debug|Any CPU
		{F61D4CB2-F4D5-4AC4-A69A-57B1F163B28C}.Debug|x86.Build.0 = Debug|Any CPU
		{F61D4CB2-F4D5-4AC4-A69A-57B1F163B28C}.Release|Any CPU.ActiveCfg = Release|Any CPU
		{F61D4CB2-F4D5-4AC4-A69A-57B1F163B28C}.Release|Any CPU.Build.0 = Release|Any CPU
		{F61D4CB2-F4D5-4AC4-A69A-57B1F163B28C}.Release|x64.ActiveCfg = Release|Any CPU
		{F61D4CB2-F4D5-4AC4-A69A-57B1F163B28C}.Release|x64.Build.0 = Release|Any CPU
		{F61D4CB2-F4D5-4AC4-A69A-57B1F163B28C}.Release|x86.ActiveCfg = Release|Any CPU
		{F61D4CB2-F4D5-4AC4-A69A-57B1F163B28C}.Release|x86.Build.0 = Release|Any CPU
		{ED732D8D-FB2A-4FDA-8BDC-70651C7F0AC4}.Debug|Any CPU.ActiveCfg = Debug|Any CPU
		{ED732D8D-FB2A-4FDA-8BDC-70651C7F0AC4}.Debug|Any CPU.Build.0 = Debug|Any CPU
		{ED732D8D-FB2A-4FDA-8BDC-70651C7F0AC4}.Debug|x64.ActiveCfg = Debug|Any CPU
		{ED732D8D-FB2A-4FDA-8BDC-70651C7F0AC4}.Debug|x64.Build.0 = Debug|Any CPU
		{ED732D8D-FB2A-4FDA-8BDC-70651C7F0AC4}.Debug|x86.ActiveCfg = Debug|Any CPU
		{ED732D8D-FB2A-4FDA-8BDC-70651C7F0AC4}.Debug|x86.Build.0 = Debug|Any CPU
		{ED732D8D-FB2A-4FDA-8BDC-70651C7F0AC4}.Release|Any CPU.ActiveCfg = Release|Any CPU
		{ED732D8D-FB2A-4FDA-8BDC-70651C7F0AC4}.Release|Any CPU.Build.0 = Release|Any CPU
		{ED732D8D-FB2A-4FDA-8BDC-70651C7F0AC4}.Release|x64.ActiveCfg = Release|Any CPU
		{ED732D8D-FB2A-4FDA-8BDC-70651C7F0AC4}.Release|x64.Build.0 = Release|Any CPU
		{ED732D8D-FB2A-4FDA-8BDC-70651C7F0AC4}.Release|x86.ActiveCfg = Release|Any CPU
		{ED732D8D-FB2A-4FDA-8BDC-70651C7F0AC4}.Release|x86.Build.0 = Release|Any CPU
	EndGlobalSection
	GlobalSection(SolutionProperties) = preSolution
		HideSolutionNode = FALSE
	EndGlobalSection
	GlobalSection(NestedProjects) = preSolution
		{5C33EE06-6017-47FB-9E60-7AF8D43A10CB} = {827E0CD3-B72D-47B6-A68D-7590B98EB39B}
		{CF2663AC-AD6A-4151-95CB-FDE405B24941} = {0AB3BF05-4346-4AA6-1389-037BE0695223}
		{841B3F8C-3936-40CA-8EFF-205F00A24D18} = {827E0CD3-B72D-47B6-A68D-7590B98EB39B}
		{0CD1DA1A-EAFB-484D-B430-B5D07B54FB19} = {0AB3BF05-4346-4AA6-1389-037BE0695223}
		{F61D4CB2-F4D5-4AC4-A69A-57B1F163B28C} = {827E0CD3-B72D-47B6-A68D-7590B98EB39B}
		{ED732D8D-FB2A-4FDA-8BDC-70651C7F0AC4} = {827E0CD3-B72D-47B6-A68D-7590B98EB39B}
	EndGlobalSection
EndGlobal
